
Microsoft Visual Studio Solution File, Format Version 12.00
# Visual Studio Version 16
VisualStudioVersion = 16.0.30503.244
MinimumVisualStudioVersion = 10.0.40219.1
Project("{9A19103F-16F7-4668-BE54-9A1E7A4F7556}") = "RazorPDemoApp", "RazorPDemoApp\RazorPDemoApp.csproj", "{E29BB9EE-DFD8-478E-8396-EF5EEFB2D825}"
EndProject
Global
	GlobalSection(SolutionConfigurationPlatforms) = preSolution
		Debug|Any CPU = Debug|Any CPU
		Release|Any CPU = Release|Any CPU
	EndGlobalSection
	GlobalSection(ProjectConfigurationPlatforms) = postSolution
		{E29BB9EE-DFD8-478E-8396-EF5EEFB2D825}.Debug|Any CPU.ActiveCfg = Debug|Any CPU
		{E29BB9EE-DFD8-478E-8396-EF5EEFB2D825}.Debug|Any CPU.Build.0 = Debug|Any CPU
		{E29BB9EE-DFD8-478E-8396-EF5EEFB2D825}.Release|Any CPU.ActiveCfg = Release|Any CPU
		{E29BB9EE-DFD8-478E-8396-EF5EEFB2D825}.Release|Any CPU.Build.0 = Release|Any CPU
	EndGlobalSection
	GlobalSection(SolutionProperties) = preSolution
		HideSolutionNode = FALSE
	EndGlobalSection
	GlobalSection(ExtensibilityGlobals) = postSolution
		SolutionGuid = {2D727333-F89C-4026-8528-6D7D2E7CD7AC}
	EndGlobalSection
EndGlobal
